
Microsoft Visual Studio Solution File, Format Version 12.00
# Visual Studio Version 16
VisualStudioVersion = 16.0.30309.148
MinimumVisualStudioVersion = 10.0.40219.1
Project("{9A19103F-16F7-4668-BE54-9A1E7A4F7556}") = "TestedaApplication", "TestedaApplication\TestedaApplication.csproj", "{C854D0F3-907E-4189-AB9F-8F3419CB3996}"
EndProject
Global
	GlobalSection(SolutionConfigurationPlatforms) = preSolution
		Debug|Any CPU = Debug|Any CPU
		Release|Any CPU = Release|Any CPU
	EndGlobalSection
	GlobalSection(ProjectConfigurationPlatforms) = postSolution
		{C854D0F3-907E-4189-AB9F-8F3419CB3996}.Debug|Any CPU.ActiveCfg = Debug|Any CPU
		{C854D0F3-907E-4189-AB9F-8F3419CB3996}.Debug|Any CPU.Build.0 = Debug|Any CPU
		{C854D0F3-907E-4189-AB9F-8F3419CB3996}.Release|Any CPU.ActiveCfg = Release|Any CPU
		{C854D0F3-907E-4189-AB9F-8F3419CB3996}.Release|Any CPU.Build.0 = Release|Any CPU
	EndGlobalSection
	GlobalSection(SolutionProperties) = preSolution
		HideSolutionNode = FALSE
	EndGlobalSection
	GlobalSection(ExtensibilityGlobals) = postSolution
		SolutionGuid = {4BB64944-D2D7-4318-9E98-9F8AC1BA38F6}
	EndGlobalSection
EndGlobal
